Microsoft Visual Studio Solution File, Format Version 12.00
# Visual Studio Version 17
VisualStudioVersion = 17.5.2.0
MinimumVisualStudioVersion = 10.0.40219.1
Project("{FAE04EC0-301F-11D3-BF4B-00C04F79EFBC}") = "AirportInfo", "AirportInfo\AirportInfo.csproj", "{A6361C31-8F59-2C05-45CA-2B408C154898}"
EndProject
Project("{FAE04EC0-301F-11D3-BF4B-00C04F79EFBC}") = "AirportsInformationConsole", "AirportsInformationConsole\AirportsInformationConsole.csproj", "{FEB99A21-30F9-4DED-8276-1EA43797D166}"
EndProject
Global
	GlobalSection(SolutionConfigurationPlatforms) = preSolution
		Debug|Any CPU = Debug|Any CPU
		Release|Any CPU = Release|Any CPU
	EndGlobalSection
	GlobalSection(ProjectConfigurationPlatforms) = postSolution
		{A6361C31-8F59-2C05-45CA-2B408C154898}.Debug|Any CPU.ActiveCfg = Debug|Any CPU
		{A6361C31-8F59-2C05-45CA-2B408C154898}.Debug|Any CPU.Build.0 = Debug|Any CPU
		{A6361C31-8F59-2C05-45CA-2B408C154898}.Release|Any CPU.ActiveCfg = Release|Any CPU
		{A6361C31-8F59-2C05-45CA-2B408C154898}.Release|Any CPU.Build.0 = Release|Any CPU
		{FEB99A21-30F9-4DED-8276-1EA43797D166}.Debug|Any CPU.ActiveCfg = Debug|Any CPU
		{FEB99A21-30F9-4DED-8276-1EA43797D166}.Debug|Any CPU.Build.0 = Debug|Any CPU
		{FEB99A21-30F9-4DED-8276-1EA43797D166}.Release|Any CPU.ActiveCfg = Release|Any CPU
		{FEB99A21-30F9-4DED-8276-1EA43797D166}.Release|Any CPU.Build.0 = Release|Any CPU
	EndGlobalSection
	GlobalSection(SolutionProperties) = preSolution
		HideSolutionNode = FALSE
	EndGlobalSection
	GlobalSection(ExtensibilityGlobals) = postSolution
		SolutionGuid = {06A59B7E-1514-4A91-8CB0-EC2CA741C8EE}
	EndGlobalSection
EndGlobal
