
Microsoft Visual Studio Solution File, Format Version 12.00
# Visual Studio Version 17
VisualStudioVersion = 17.0.31903.59
MinimumVisualStudioVersion = 10.0.40219.1
Project("{2150E333-8FDC-42A3-9474-1A3956D46DE8}") = "Tes", "Tes", "{15D9284E-ED40-D040-3633-032896147032}"
EndProject
Project("{FAE04EC0-301F-11D3-BF4B-00C04F79EFBC}") = "Tes", "Tes\Tes\Tes.csproj", "{4BF91204-4945-42C4-870C-D653701F8101}"
EndProject
Project("{FAE04EC0-301F-11D3-BF4B-00C04F79EFBC}") = "Tes.Shared", "Tes\Tes.Shared\Tes.Shared.csproj", "{94A54737-837A-4D92-9642-171040CD9BD2}"
EndProject
Project("{FAE04EC0-301F-11D3-BF4B-00C04F79EFBC}") = "Tes.Web", "Tes\Tes.Web\Tes.Web.csproj", "{C811A957-A93E-4EC5-93B3-1FC39E1995AB}"
EndProject
Project("{FAE04EC0-301F-11D3-BF4B-00C04F79EFBC}") = "TestConsoleApp", "TestConsoleApp\TestConsoleApp.csproj", "{2CDFE553-634C-413B-8A00-97A7327C5A5D}"
EndProject
Project("{FAE04EC0-301F-11D3-BF4B-00C04F79EFBC}") = "WebApplication1", "WebApplication1\WebApplication1.csproj", "{AFA505C8-A1AE-43F0-B91C-B92DE749A866}"
EndProject
Project("{FAE04EC0-301F-11D3-BF4B-00C04F79EFBC}") = "AirportInfo", "AirportInfo\AirportInfo.csproj", "{A41DE67E-3FB0-4200-A39E-BC6A80853E24}"
EndProject
Global
	GlobalSection(SolutionConfigurationPlatforms) = preSolution
		Debug|Any CPU = Debug|Any CPU
		Debug|x64 = Debug|x64
		Debug|x86 = Debug|x86
		Release|Any CPU = Release|Any CPU
		Release|x64 = Release|x64
		Release|x86 = Release|x86
	EndGlobalSection
	GlobalSection(ProjectConfigurationPlatforms) = postSolution
		{4BF91204-4945-42C4-870C-D653701F8101}.Debug|Any CPU.ActiveCfg = Debug|Any CPU
		{4BF91204-4945-42C4-870C-D653701F8101}.Debug|Any CPU.Build.0 = Debug|Any CPU
		{4BF91204-4945-42C4-870C-D653701F8101}.Debug|x64.ActiveCfg = Debug|Any CPU
		{4BF91204-4945-42C4-870C-D653701F8101}.Debug|x64.Build.0 = Debug|Any CPU
		{4BF91204-4945-42C4-870C-D653701F8101}.Debug|x86.ActiveCfg = Debug|Any CPU
		{4BF91204-4945-42C4-870C-D653701F8101}.Debug|x86.Build.0 = Debug|Any CPU
		{4BF91204-4945-42C4-870C-D653701F8101}.Release|Any CPU.ActiveCfg = Release|Any CPU
		{4BF91204-4945-42C4-870C-D653701F8101}.Release|Any CPU.Build.0 = Release|Any CPU
		{4BF91204-4945-42C4-870C-D653701F8101}.Release|x64.ActiveCfg = Release|Any CPU
		{4BF91204-4945-42C4-870C-D653701F8101}.Release|x64.Build.0 = Release|Any CPU
		{4BF91204-4945-42C4-870C-D653701F8101}.Release|x86.ActiveCfg = Release|Any CPU
		{4BF91204-4945-42C4-870C-D653701F8101}.Release|x86.Build.0 = Release|Any CPU
		{94A54737-837A-4D92-9642-171040CD9BD2}.Debug|Any CPU.ActiveCfg = Debug|Any CPU
		{94A54737-837A-4D92-9642-171040CD9BD2}.Debug|Any CPU.Build.0 = Debug|Any CPU
		{94A54737-837A-4D92-9642-171040CD9BD2}.Debug|x64.ActiveCfg = Debug|Any CPU
		{94A54737-837A-4D92-9642-171040CD9BD2}.Debug|x64.Build.0 = Debug|Any CPU
		{94A54737-837A-4D92-9642-171040CD9BD2}.Debug|x86.ActiveCfg = Debug|Any CPU
		{94A54737-837A-4D92-9642-171040CD9BD2}.Debug|x86.Build.0 = Debug|Any CPU
		{94A54737-837A-4D92-9642-171040CD9BD2}.Release|Any CPU.ActiveCfg = Release|Any CPU
		{94A54737-837A-4D92-9642-171040CD9BD2}.Release|Any CPU.Build.0 = Release|Any CPU
		{94A54737-837A-4D92-9642-171040CD9BD2}.Release|x64.ActiveCfg = Release|Any CPU
		{94A54737-837A-4D92-9642-171040CD9BD2}.Release|x64.Build.0 = Release|Any CPU
		{94A54737-837A-4D92-9642-171040CD9BD2}.Release|x86.ActiveCfg = Release|Any CPU
		{94A54737-837A-4D92-9642-171040CD9BD2}.Release|x86.Build.0 = Release|Any CPU
		{C811A957-A93E-4EC5-93B3-1FC39E1995AB}.Debug|Any CPU.ActiveCfg = Debug|Any CPU
		{C811A957-A93E-4EC5-93B3-1FC39E1995AB}.Debug|Any CPU.Build.0 = Debug|Any CPU
		{C811A957-A93E-4EC5-93B3-1FC39E1995AB}.Debug|x64.ActiveCfg = Debug|Any CPU
		{C811A957-A93E-4EC5-93B3-1FC39E1995AB}.Debug|x64.Build.0 = Debug|Any CPU
		{C811A957-A93E-4EC5-93B3-1FC39E1995AB}.Debug|x86.ActiveCfg = Debug|Any CPU
		{C811A957-A93E-4EC5-93B3-1FC39E1995AB}.Debug|x86.Build.0 = Debug|Any CPU
		{C811A957-A93E-4EC5-93B3-1FC39E1995AB}.Release|Any CPU.ActiveCfg = Release|Any CPU
		{C811A957-A93E-4EC5-93B3-1FC39E1995AB}.Release|Any CPU.Build.0 = Release|Any CPU
		{C811A957-A93E-4EC5-93B3-1FC39E1995AB}.Release|x64.ActiveCfg = Release|Any CPU
		{C811A957-A93E-4EC5-93B3-1FC39E1995AB}.Release|x64.Build.0 = Release|Any CPU
		{C811A957-A93E-4EC5-93B3-1FC39E1995AB}.Release|x86.ActiveCfg = Release|Any CPU
		{C811A957-A93E-4EC5-93B3-1FC39E1995AB}.Release|x86.Build.0 = Release|Any CPU
		{2CDFE553-634C-413B-8A00-97A7327C5A5D}.Debug|Any CPU.ActiveCfg = Debug|Any CPU
		{2CDFE553-634C-413B-8A00-97A7327C5A5D}.Debug|Any CPU.Build.0 = Debug|Any CPU
		{2CDFE553-634C-413B-8A00-97A7327C5A5D}.Debug|x64.ActiveCfg = Debug|Any CPU
		{2CDFE553-634C-413B-8A00-97A7327C5A5D}.Debug|x64.Build.0 = Debug|Any CPU
		{2CDFE553-634C-413B-8A00-97A7327C5A5D}.Debug|x86.ActiveCfg = Debug|Any CPU
		{2CDFE553-634C-413B-8A00-97A7327C5A5D}.Debug|x86.Build.0 = Debug|Any CPU
		{2CDFE553-634C-413B-8A00-97A7327C5A5D}.Release|Any CPU.ActiveCfg = Release|Any CPU
		{2CDFE553-634C-413B-8A00-97A7327C5A5D}.Release|Any CPU.Build.0 = Release|Any CPU
		{2CDFE553-634C-413B-8A00-97A7327C5A5D}.Release|x64.ActiveCfg = Release|Any CPU
		{2CDFE553-634C-413B-8A00-97A7327C5A5D}.Release|x64.Build.0 = Release|Any CPU
		{2CDFE553-634C-413B-8A00-97A7327C5A5D}.Release|x86.ActiveCfg = Release|Any CPU
		{2CDFE553-634C-413B-8A00-97A7327C5A5D}.Release|x86.Build.0 = Release|Any CPU
		{AFA505C8-A1AE-43F0-B91C-B92DE749A866}.Debug|Any CPU.ActiveCfg = Debug|Any CPU
		{AFA505C8-A1AE-43F0-B91C-B92DE749A866}.Debug|Any CPU.Build.0 = Debug|Any CPU
		{AFA505C8-A1AE-43F0-B91C-B92DE749A866}.Debug|x64.ActiveCfg = Debug|Any CPU
		{AFA505C8-A1AE-43F0-B91C-B92DE749A866}.Debug|x64.Build.0 = Debug|Any CPU
		{AFA505C8-A1AE-43F0-B91C-B92DE749A866}.Debug|x86.ActiveCfg = Debug|Any CPU
		{AFA505C8-A1AE-43F0-B91C-B92DE749A866}.Debug|x86.Build.0 = Debug|Any CPU
		{AFA505C8-A1AE-43F0-B91C-B92DE749A866}.Release|Any CPU.ActiveCfg = Release|Any CPU
		{AFA505C8-A1AE-43F0-B91C-B92DE749A866}.Release|Any CPU.Build.0 = Release|Any CPU
		{AFA505C8-A1AE-43F0-B91C-B92DE749A866}.Release|x64.ActiveCfg = Release|Any CPU
		{AFA505C8-A1AE-43F0-B91C-B92DE749A866}.Release|x64.Build.0 = Release|Any CPU
		{AFA505C8-A1AE-43F0-B91C-B92DE749A866}.Release|x86.ActiveCfg = Release|Any CPU
		{AFA505C8-A1AE-43F0-B91C-B92DE749A866}.Release|x86.Build.0 = Release|Any CPU
		{A41DE67E-3FB0-4200-A39E-BC6A80853E24}.Debug|Any CPU.ActiveCfg = Debug|Any CPU
		{A41DE67E-3FB0-4200-A39E-BC6A80853E24}.Debug|Any CPU.Build.0 = Debug|Any CPU
		{A41DE67E-3FB0-4200-A39E-BC6A80853E24}.Debug|x64.ActiveCfg = Debug|Any CPU
		{A41DE67E-3FB0-4200-A39E-BC6A80853E24}.Debug|x64.Build.0 = Debug|Any CPU
		{A41DE67E-3FB0-4200-A39E-BC6A80853E24}.Debug|x86.ActiveCfg = Debug|Any CPU
		{A41DE67E-3FB0-4200-A39E-BC6A80853E24}.Debug|x86.Build.0 = Debug|Any CPU
		{A41DE67E-3FB0-4200-A39E-BC6A80853E24}.Release|Any CPU.ActiveCfg = Release|Any CPU
		{A41DE67E-3FB0-4200-A39E-BC6A80853E24}.Release|Any CPU.Build.0 = Release|Any CPU
		{A41DE67E-3FB0-4200-A39E-BC6A80853E24}.Release|x64.ActiveCfg = Release|Any CPU
		{A41DE67E-3FB0-4200-A39E-BC6A80853E24}.Release|x64.Build.0 = Release|Any CPU
		{A41DE67E-3FB0-4200-A39E-BC6A80853E24}.Release|x86.ActiveCfg = Release|Any CPU
		{A41DE67E-3FB0-4200-A39E-BC6A80853E24}.Release|x86.Build.0 = Release|Any CPU
	EndGlobalSection
	GlobalSection(SolutionProperties) = preSolution
		HideSolutionNode = FALSE
	EndGlobalSection
	GlobalSection(NestedProjects) = preSolution
		{4BF91204-4945-42C4-870C-D653701F8101} = {15D9284E-ED40-D040-3633-032896147032}
		{94A54737-837A-4D92-9642-171040CD9BD2} = {15D9284E-ED40-D040-3633-032896147032}
		{C811A957-A93E-4EC5-93B3-1FC39E1995AB} = {15D9284E-ED40-D040-3633-032896147032}
	EndGlobalSection
EndGlobal
